
Microsoft Visual Studio Solution File, Format Version 12.00
# Visual Studio 2012
Project("{FAE04EC0-301F-11D3-BF4B-00C04F79EFBC}") = "AwakeCoding.Common", "AwakeCoding.Common\AwakeCoding.Common.csproj", "{133E9473-8A64-45AF-AEA4-B1A8614F44D8}"
EndProject
Project("{FAE04EC0-301F-11D3-BF4B-00C04F79EFBC}") = "AwakeCoding.MsRdpClient", "AwakeCoding.MsRdpClient\AwakeCoding.MsRdpClient.csproj", "{C172D4C2-75D8-44C6-8511-09BAEB9317E0}"
EndProject
Project("{FAE04EC0-301F-11D3-BF4B-00C04F79EFBC}") = "AwakeCoding.FreeRDPClient", "AwakeCoding.FreeRDPClient\AwakeCoding.FreeRDPClient.csproj", "{F0AEB698-0338-4E04-949B-60E4448D1597}"
EndProject
Project("{FAE04EC0-301F-11D3-BF4B-00C04F79EFBC}") = "ActiveXClient", "ActiveXClient\ActiveXClient.csproj", "{8DCC0193-C167-46A4-9004-B0CF4FB5EC78}"
EndProject
Global
	GlobalSection(SolutionConfigurationPlatforms) = preSolution
		Debug_Mono|Any CPU = Debug_Mono|Any CPU
		Debug_Mono|x86 = Debug_Mono|x86
		Debug|Any CPU = Debug|Any CPU
		Debug|x86 = Debug|x86
		Release|Any CPU = Release|Any CPU
		Release|x86 = Release|x86
	EndGlobalSection
	GlobalSection(ProjectConfigurationPlatforms) = postSolution
		{133E9473-8A64-45AF-AEA4-B1A8614F44D8}.Debug_Mono|Any CPU.ActiveCfg = Debug|Any CPU
		{133E9473-8A64-45AF-AEA4-B1A8614F44D8}.Debug_Mono|Any CPU.Build.0 = Debug|Any CPU
		{133E9473-8A64-45AF-AEA4-B1A8614F44D8}.Debug_Mono|x86.ActiveCfg = Debug|x86
		{133E9473-8A64-45AF-AEA4-B1A8614F44D8}.Debug_Mono|x86.Build.0 = Debug|x86
		{133E9473-8A64-45AF-AEA4-B1A8614F44D8}.Debug|Any CPU.ActiveCfg = Debug|Any CPU
		{133E9473-8A64-45AF-AEA4-B1A8614F44D8}.Debug|Any CPU.Build.0 = Debug|Any CPU
		{133E9473-8A64-45AF-AEA4-B1A8614F44D8}.Debug|x86.ActiveCfg = Debug|x86
		{133E9473-8A64-45AF-AEA4-B1A8614F44D8}.Debug|x86.Build.0 = Debug|x86
		{133E9473-8A64-45AF-AEA4-B1A8614F44D8}.Release|Any CPU.ActiveCfg = Release|Any CPU
		{133E9473-8A64-45AF-AEA4-B1A8614F44D8}.Release|Any CPU.Build.0 = Release|Any CPU
		{133E9473-8A64-45AF-AEA4-B1A8614F44D8}.Release|x86.ActiveCfg = Release|x86
		{133E9473-8A64-45AF-AEA4-B1A8614F44D8}.Release|x86.Build.0 = Release|x86
		{C172D4C2-75D8-44C6-8511-09BAEB9317E0}.Debug_Mono|Any CPU.ActiveCfg = Debug|Any CPU
		{C172D4C2-75D8-44C6-8511-09BAEB9317E0}.Debug_Mono|Any CPU.Build.0 = Debug|Any CPU
		{C172D4C2-75D8-44C6-8511-09BAEB9317E0}.Debug_Mono|x86.ActiveCfg = Debug|x86
		{C172D4C2-75D8-44C6-8511-09BAEB9317E0}.Debug_Mono|x86.Build.0 = Debug|x86
		{C172D4C2-75D8-44C6-8511-09BAEB9317E0}.Debug|Any CPU.ActiveCfg = Debug|Any CPU
		{C172D4C2-75D8-44C6-8511-09BAEB9317E0}.Debug|Any CPU.Build.0 = Debug|Any CPU
		{C172D4C2-75D8-44C6-8511-09BAEB9317E0}.Debug|x86.ActiveCfg = Debug|x86
		{C172D4C2-75D8-44C6-8511-09BAEB9317E0}.Debug|x86.Build.0 = Debug|x86
		{C172D4C2-75D8-44C6-8511-09BAEB9317E0}.Release|Any CPU.ActiveCfg = Release|Any CPU
		{C172D4C2-75D8-44C6-8511-09BAEB9317E0}.Release|Any CPU.Build.0 = Release|Any CPU
		{C172D4C2-75D8-44C6-8511-09BAEB9317E0}.Release|x86.ActiveCfg = Release|x86
		{C172D4C2-75D8-44C6-8511-09BAEB9317E0}.Release|x86.Build.0 = Release|x86
		{F0AEB698-0338-4E04-949B-60E4448D1597}.Debug_Mono|Any CPU.ActiveCfg = Debug_mono|Any CPU
		{F0AEB698-0338-4E04-949B-60E4448D1597}.Debug_Mono|Any CPU.Build.0 = Debug_mono|Any CPU
		{F0AEB698-0338-4E04-949B-60E4448D1597}.Debug_Mono|x86.ActiveCfg = Debug_mono|x86
		{F0AEB698-0338-4E04-949B-60E4448D1597}.Debug_Mono|x86.Build.0 = Debug_mono|x86
		{F0AEB698-0338-4E04-949B-60E4448D1597}.Debug|Any CPU.ActiveCfg = Debug|Any CPU
		{F0AEB698-0338-4E04-949B-60E4448D1597}.Debug|Any CPU.Build.0 = Debug|Any CPU
		{F0AEB698-0338-4E04-949B-60E4448D1597}.Debug|x86.ActiveCfg = Debug|x86
		{F0AEB698-0338-4E04-949B-60E4448D1597}.Debug|x86.Build.0 = Debug|x86
		{F0AEB698-0338-4E04-949B-60E4448D1597}.Release|Any CPU.ActiveCfg = Release|Any CPU
		{F0AEB698-0338-4E04-949B-60E4448D1597}.Release|Any CPU.Build.0 = Release|Any CPU
		{F0AEB698-0338-4E04-949B-60E4448D1597}.Release|x86.ActiveCfg = Release|x86
		{F0AEB698-0338-4E04-949B-60E4448D1597}.Release|x86.Build.0 = Release|x86
		{8DCC0193-C167-46A4-9004-B0CF4FB5EC78}.Debug_Mono|Any CPU.ActiveCfg = Debug|Any CPU
		{8DCC0193-C167-46A4-9004-B0CF4FB5EC78}.Debug_Mono|Any CPU.Build.0 = Debug|Any CPU
		{8DCC0193-C167-46A4-9004-B0CF4FB5EC78}.Debug_Mono|x86.ActiveCfg = Debug|x86
		{8DCC0193-C167-46A4-9004-B0CF4FB5EC78}.Debug_Mono|x86.Build.0 = Debug|x86
		{8DCC0193-C167-46A4-9004-B0CF4FB5EC78}.Debug|Any CPU.ActiveCfg = Debug|Any CPU
		{8DCC0193-C167-46A4-9004-B0CF4FB5EC78}.Debug|Any CPU.Build.0 = Debug|Any CPU
		{8DCC0193-C167-46A4-9004-B0CF4FB5EC78}.Debug|x86.ActiveCfg = Debug|x86
		{8DCC0193-C167-46A4-9004-B0CF4FB5EC78}.Debug|x86.Build.0 = Debug|x86
		{8DCC0193-C167-46A4-9004-B0CF4FB5EC78}.Release|Any CPU.ActiveCfg = Release|Any CPU
		{8DCC0193-C167-46A4-9004-B0CF4FB5EC78}.Release|Any CPU.Build.0 = Release|Any CPU
		{8DCC0193-C167-46A4-9004-B0CF4FB5EC78}.Release|x86.ActiveCfg = Release|x86
		{8DCC0193-C167-46A4-9004-B0CF4FB5EC78}.Release|x86.Build.0 = Release|x86
	EndGlobalSection
	GlobalSection(SolutionProperties) = preSolution
		HideSolutionNode = FALSE
	EndGlobalSection
EndGlobal
