
Microsoft Visual Studio Solution File, Format Version 12.00
# Visual Studio 2012
Project("{FAE04EC0-301F-11D3-BF4B-00C04F79EFBC}") = "AwakeCoding.Common", "AwakeCoding.Common\AwakeCoding.Common.csproj", "{133E9473-8A64-45AF-AEA4-B1A8614F44D8}"
EndProject
Project("{FAE04EC0-301F-11D3-BF4B-00C04F79EFBC}") = "AwakeCoding.FreeRDPClient", "AwakeCoding.FreeRDPClient\AwakeCoding.FreeRDPClient.csproj", "{F0AEB698-0338-4E04-949B-60E4448D1597}"
EndProject
Project("{FAE04EC0-301F-11D3-BF4B-00C04F79EFBC}") = "SimpleClient", "SimpleClient\SimpleClient.csproj", "{A52092E6-3719-4495-ADE1-D0550602B913}"
EndProject
Global
	GlobalSection(SolutionConfigurationPlatforms) = preSolution
		Debug_mono|Any CPU = Debug_mono|Any CPU
		Debug|Any CPU = Debug|Any CPU
		Release|Any CPU = Release|Any CPU
	EndGlobalSection
	GlobalSection(ProjectConfigurationPlatforms) = postSolution
		{133E9473-8A64-45AF-AEA4-B1A8614F44D8}.Debug_mono|Any CPU.ActiveCfg = Debug|Any CPU
		{133E9473-8A64-45AF-AEA4-B1A8614F44D8}.Debug_mono|Any CPU.Build.0 = Debug|Any CPU
		{133E9473-8A64-45AF-AEA4-B1A8614F44D8}.Debug|Any CPU.ActiveCfg = Debug|x86
		{133E9473-8A64-45AF-AEA4-B1A8614F44D8}.Debug|Any CPU.Build.0 = Debug|x86
		{133E9473-8A64-45AF-AEA4-B1A8614F44D8}.Release|Any CPU.ActiveCfg = Release|x86
		{133E9473-8A64-45AF-AEA4-B1A8614F44D8}.Release|Any CPU.Build.0 = Release|x86
		{F0AEB698-0338-4E04-949B-60E4448D1597}.Debug_mono|Any CPU.ActiveCfg = Debug_mono|Any CPU
		{F0AEB698-0338-4E04-949B-60E4448D1597}.Debug_mono|Any CPU.Build.0 = Debug_mono|Any CPU
		{F0AEB698-0338-4E04-949B-60E4448D1597}.Debug|Any CPU.ActiveCfg = Debug|x86
		{F0AEB698-0338-4E04-949B-60E4448D1597}.Debug|Any CPU.Build.0 = Debug|x86
		{F0AEB698-0338-4E04-949B-60E4448D1597}.Release|Any CPU.ActiveCfg = Release|x86
		{F0AEB698-0338-4E04-949B-60E4448D1597}.Release|Any CPU.Build.0 = Release|x86
		{A52092E6-3719-4495-ADE1-D0550602B913}.Debug_mono|Any CPU.ActiveCfg = Debug|Any CPU
		{A52092E6-3719-4495-ADE1-D0550602B913}.Debug_mono|Any CPU.Build.0 = Debug|Any CPU
		{A52092E6-3719-4495-ADE1-D0550602B913}.Debug|Any CPU.ActiveCfg = Debug|x86
		{A52092E6-3719-4495-ADE1-D0550602B913}.Debug|Any CPU.Build.0 = Debug|x86
		{A52092E6-3719-4495-ADE1-D0550602B913}.Release|Any CPU.ActiveCfg = Release|x86
		{A52092E6-3719-4495-ADE1-D0550602B913}.Release|Any CPU.Build.0 = Release|x86
	EndGlobalSection
	GlobalSection(SolutionProperties) = preSolution
		HideSolutionNode = FALSE
	EndGlobalSection
	GlobalSection(MonoDevelopProperties) = preSolution
		StartupItem = SimpleClient\SimpleClient.csproj
	EndGlobalSection
EndGlobal
